
Microsoft Visual Studio Solution File, Format Version 12.00
# Visual Studio 15
VisualStudioVersion = 15.0.27130.2027
MinimumVisualStudioVersion = 10.0.40219.1
Project("{FAE04EC0-301F-11D3-BF4B-00C04F79EFBC}") = "SumEvenNumbers", "SumEvenNumbers\SumEvenNumbers.csproj", "{A2ECA895-31A2-4BF2-9992-1F3041AD529B}"
EndProject
Global
	GlobalSection(SolutionConfigurationPlatforms) = preSolution
		Debug|Any CPU = Debug|Any CPU
		Release|Any CPU = Release|Any CPU
	EndGlobalSection
	GlobalSection(ProjectConfigurationPlatforms) = postSolution
		{A2ECA895-31A2-4BF2-9992-1F3041AD529B}.Debug|Any CPU.ActiveCfg = Debug|Any CPU
		{A2ECA895-31A2-4BF2-9992-1F3041AD529B}.Debug|Any CPU.Build.0 = Debug|Any CPU
		{A2ECA895-31A2-4BF2-9992-1F3041AD529B}.Release|Any CPU.ActiveCfg = Release|Any CPU
		{A2ECA895-31A2-4BF2-9992-1F3041AD529B}.Release|Any CPU.Build.0 = Release|Any CPU
	EndGlobalSection
	GlobalSection(SolutionProperties) = preSolution
		HideSolutionNode = FALSE
	EndGlobalSection
	GlobalSection(ExtensibilityGlobals) = postSolution
		SolutionGuid = {E2864257-5CB2-4D0A-8999-0E62D06EA92F}
	EndGlobalSection
EndGlobal
