
Microsoft Visual Studio Solution File, Format Version 12.00
# Visual Studio 15
VisualStudioVersion = 15.0.27130.2027
MinimumVisualStudioVersion = 10.0.40219.1
Project("{FAE04EC0-301F-11D3-BF4B-00C04F79EFBC}") = "HelloMVC", "HelloMVC\HelloMVC.csproj", "{CF3AA30F-F865-44F7-9C37-107491A0CD17}"
EndProject
Global
	GlobalSection(SolutionConfigurationPlatforms) = preSolution
		Debug|Any CPU = Debug|Any CPU
		Release|Any CPU = Release|Any CPU
	EndGlobalSection
	GlobalSection(ProjectConfigurationPlatforms) = postSolution
		{CF3AA30F-F865-44F7-9C37-107491A0CD17}.Debug|Any CPU.ActiveCfg = Debug|Any CPU
		{CF3AA30F-F865-44F7-9C37-107491A0CD17}.Debug|Any CPU.Build.0 = Debug|Any CPU
		{CF3AA30F-F865-44F7-9C37-107491A0CD17}.Release|Any CPU.ActiveCfg = Release|Any CPU
		{CF3AA30F-F865-44F7-9C37-107491A0CD17}.Release|Any CPU.Build.0 = Release|Any CPU
	EndGlobalSection
	GlobalSection(SolutionProperties) = preSolution
		HideSolutionNode = FALSE
	EndGlobalSection
	GlobalSection(ExtensibilityGlobals) = postSolution
		SolutionGuid = {568566C9-797C-4D30-8407-F871C0B970B4}
	EndGlobalSection
EndGlobal
